
Microsoft Visual Studio Solution File, Format Version 12.00
# Visual Studio Version 17
VisualStudioVersion = 17.0.32112.339
MinimumVisualStudioVersion = 10.0.40219.1
Project("{FAE04EC0-301F-11D3-BF4B-00C04F79EFBC}") = "DIO_Primeiro", "DIO_Primeiro\DIO_Primeiro.csproj", "{602A0D33-257B-43EF-9287-868187958BF5}"
EndProject
Global
	GlobalSection(SolutionConfigurationPlatforms) = preSolution
		Debug|Any CPU = Debug|Any CPU
		Release|Any CPU = Release|Any CPU
	EndGlobalSection
	GlobalSection(ProjectConfigurationPlatforms) = postSolution
		{602A0D33-257B-43EF-9287-868187958BF5}.Debug|Any CPU.ActiveCfg = Debug|Any CPU
		{602A0D33-257B-43EF-9287-868187958BF5}.Debug|Any CPU.Build.0 = Debug|Any CPU
		{602A0D33-257B-43EF-9287-868187958BF5}.Release|Any CPU.ActiveCfg = Release|Any CPU
		{602A0D33-257B-43EF-9287-868187958BF5}.Release|Any CPU.Build.0 = Release|Any CPU
	EndGlobalSection
	GlobalSection(SolutionProperties) = preSolution
		HideSolutionNode = FALSE
	EndGlobalSection
	GlobalSection(ExtensibilityGlobals) = postSolution
		SolutionGuid = {94897C2C-3654-4B9B-8EEC-AA928A34B633}
	EndGlobalSection
EndGlobal
